
Microsoft Visual Studio Solution File, Format Version 12.00
# Visual Studio Version 16
VisualStudioVersion = 16.0.29613.14
MinimumVisualStudioVersion = 10.0.40219.1
Project("{9A19103F-16F7-4668-BE54-9A1E7A4F7556}") = "Goleador.Web", "Goleador.Web\Goleador.Web.csproj", "{E7DE99C2-B184-4FAE-9734-8BF7B45F0BE4}"
EndProject
Project("{9A19103F-16F7-4668-BE54-9A1E7A4F7556}") = "Goleador.Domain", "Goleador.Domain\Goleador.Domain.csproj", "{577CFE9E-2D7B-4A32-9881-2BDB2E0932D4}"
EndProject
Project("{9A19103F-16F7-4668-BE54-9A1E7A4F7556}") = "Goleador.Infrastructure", "Goleador.Infrastructure\Goleador.Infrastructure.csproj", "{4D191D86-F8D7-43F8-B836-F9102005C1F7}"
EndProject
Project("{FAE04EC0-301F-11D3-BF4B-00C04F79EFBC}") = "Goleador.Application.Write", "Goleador.Application.Write\Goleador.Application.Write.csproj", "{A8152415-74E5-4B03-B0DE-E858FA0B6596}"
EndProject
Project("{FAE04EC0-301F-11D3-BF4B-00C04F79EFBC}") = "Goleador.Application.Read", "Goleador.Application.Read\Goleador.Application.Read.csproj", "{8EE514A1-B07D-4BC4-B2F1-AB3AAFB21A26}"
EndProject
Global
	GlobalSection(SolutionConfigurationPlatforms) = preSolution
		Debug|Any CPU = Debug|Any CPU
		Release|Any CPU = Release|Any CPU
	EndGlobalSection
	GlobalSection(ProjectConfigurationPlatforms) = postSolution
		{E7DE99C2-B184-4FAE-9734-8BF7B45F0BE4}.Debug|Any CPU.ActiveCfg = Debug|Any CPU
		{E7DE99C2-B184-4FAE-9734-8BF7B45F0BE4}.Debug|Any CPU.Build.0 = Debug|Any CPU
		{E7DE99C2-B184-4FAE-9734-8BF7B45F0BE4}.Release|Any CPU.ActiveCfg = Release|Any CPU
		{E7DE99C2-B184-4FAE-9734-8BF7B45F0BE4}.Release|Any CPU.Build.0 = Release|Any CPU
		{577CFE9E-2D7B-4A32-9881-2BDB2E0932D4}.Debug|Any CPU.ActiveCfg = Debug|Any CPU
		{577CFE9E-2D7B-4A32-9881-2BDB2E0932D4}.Debug|Any CPU.Build.0 = Debug|Any CPU
		{577CFE9E-2D7B-4A32-9881-2BDB2E0932D4}.Release|Any CPU.ActiveCfg = Release|Any CPU
		{577CFE9E-2D7B-4A32-9881-2BDB2E0932D4}.Release|Any CPU.Build.0 = Release|Any CPU
		{4D191D86-F8D7-43F8-B836-F9102005C1F7}.Debug|Any CPU.ActiveCfg = Debug|Any CPU
		{4D191D86-F8D7-43F8-B836-F9102005C1F7}.Debug|Any CPU.Build.0 = Debug|Any CPU
		{4D191D86-F8D7-43F8-B836-F9102005C1F7}.Release|Any CPU.ActiveCfg = Release|Any CPU
		{4D191D86-F8D7-43F8-B836-F9102005C1F7}.Release|Any CPU.Build.0 = Release|Any CPU
		{A8152415-74E5-4B03-B0DE-E858FA0B6596}.Debug|Any CPU.ActiveCfg = Debug|Any CPU
		{A8152415-74E5-4B03-B0DE-E858FA0B6596}.Debug|Any CPU.Build.0 = Debug|Any CPU
		{A8152415-74E5-4B03-B0DE-E858FA0B6596}.Release|Any CPU.ActiveCfg = Release|Any CPU
		{A8152415-74E5-4B03-B0DE-E858FA0B6596}.Release|Any CPU.Build.0 = Release|Any CPU
		{8EE514A1-B07D-4BC4-B2F1-AB3AAFB21A26}.Debug|Any CPU.ActiveCfg = Debug|Any CPU
		{8EE514A1-B07D-4BC4-B2F1-AB3AAFB21A26}.Debug|Any CPU.Build.0 = Debug|Any CPU
		{8EE514A1-B07D-4BC4-B2F1-AB3AAFB21A26}.Release|Any CPU.ActiveCfg = Release|Any CPU
		{8EE514A1-B07D-4BC4-B2F1-AB3AAFB21A26}.Release|Any CPU.Build.0 = Release|Any CPU
	EndGlobalSection
	GlobalSection(SolutionProperties) = preSolution
		HideSolutionNode = FALSE
	EndGlobalSection
	GlobalSection(ExtensibilityGlobals) = postSolution
		SolutionGuid = {BB6E01C5-DCFB-455E-BDA9-435C9DABEB12}
	EndGlobalSection
EndGlobal
